
Microsoft Visual Studio Solution File, Format Version 12.00
# Visual Studio Version 17
VisualStudioVersion = 17.7.34202.233
MinimumVisualStudioVersion = 10.0.40219.1
Project("{FAE04EC0-301F-11D3-BF4B-00C04F79EFBC}") = "ParaBil", "ParaBil.csproj", "{2816DBD5-3AAB-4892-BE8B-9271DF077368}"
EndProject
Project("{54435603-DBB4-11D2-8724-00A0C9A8B90C}") = "ParaBil", "..\Setup\ParaBil\ParaBil.vdproj", "{BD9EEA3F-450F-4392-A16E-3F383F1ED627}"
EndProject
Global
	GlobalSection(SolutionConfigurationPlatforms) = preSolution
		Debug|Any CPU = Debug|Any CPU
		Release|Any CPU = Release|Any CPU
	EndGlobalSection
	GlobalSection(ProjectConfigurationPlatforms) = postSolution
		{2816DBD5-3AAB-4892-BE8B-9271DF077368}.Debug|Any CPU.ActiveCfg = Debug|Any CPU
		{2816DBD5-3AAB-4892-BE8B-9271DF077368}.Debug|Any CPU.Build.0 = Debug|Any CPU
		{2816DBD5-3AAB-4892-BE8B-9271DF077368}.Release|Any CPU.ActiveCfg = Release|Any CPU
		{2816DBD5-3AAB-4892-BE8B-9271DF077368}.Release|Any CPU.Build.0 = Release|Any CPU
		{BD9EEA3F-450F-4392-A16E-3F383F1ED627}.Debug|Any CPU.ActiveCfg = Debug
		{BD9EEA3F-450F-4392-A16E-3F383F1ED627}.Release|Any CPU.ActiveCfg = Release
	EndGlobalSection
	GlobalSection(SolutionProperties) = preSolution
		HideSolutionNode = FALSE
	EndGlobalSection
	GlobalSection(ExtensibilityGlobals) = postSolution
		SolutionGuid = {4E336D7A-EFE6-42CE-A514-87FB5E8A94DB}
	EndGlobalSection
EndGlobal
